
Microsoft Visual Studio Solution File, Format Version 12.00
# Visual Studio Version 16
VisualStudioVersion = 16.0.30114.105
MinimumVisualStudioVersion = 10.0.40219.1
Project("{2150E333-8FDC-42A3-9474-1A3956D46DE8}") = "src", "src", "{3D070037-5050-4D90-9B8C-D03FAB428521}"
EndProject
Project("{FAE04EC0-301F-11D3-BF4B-00C04F79EFBC}") = "Proton.Frequency.Common", "src\Frequency.Common\Proton.Frequency.Common.csproj", "{A87A9CB5-BFCD-4F28-90A9-17B062E8D912}"
EndProject
Project("{FAE04EC0-301F-11D3-BF4B-00C04F79EFBC}") = "Proton.Frequency.Service", "src\Frequency.Service\Proton.Frequency.Service.csproj", "{861FF486-BEF7-43EB-8A54-C8BE7288E934}"
EndProject
Project("{2150E333-8FDC-42A3-9474-1A3956D46DE8}") = "tests", "tests", "{EFDB1A06-13EF-4991-AD6A-B4C9B0EDFD71}"
EndProject
Project("{FAE04EC0-301F-11D3-BF4B-00C04F79EFBC}") = "Proton.Frequency.Tests", "tests\Frequency.Tests\Proton.Frequency.Tests.csproj", "{CC12FDC5-AFAB-4213-90BD-8CAAC7BF87C5}"
EndProject
Global
	GlobalSection(SolutionConfigurationPlatforms) = preSolution
		Debug|Any CPU = Debug|Any CPU
		Release|Any CPU = Release|Any CPU
	EndGlobalSection
	GlobalSection(SolutionProperties) = preSolution
		HideSolutionNode = FALSE
	EndGlobalSection
	GlobalSection(ProjectConfigurationPlatforms) = postSolution
		{A87A9CB5-BFCD-4F28-90A9-17B062E8D912}.Debug|Any CPU.ActiveCfg = Debug|Any CPU
		{A87A9CB5-BFCD-4F28-90A9-17B062E8D912}.Debug|Any CPU.Build.0 = Debug|Any CPU
		{A87A9CB5-BFCD-4F28-90A9-17B062E8D912}.Release|Any CPU.ActiveCfg = Release|Any CPU
		{A87A9CB5-BFCD-4F28-90A9-17B062E8D912}.Release|Any CPU.Build.0 = Release|Any CPU
		{861FF486-BEF7-43EB-8A54-C8BE7288E934}.Debug|Any CPU.ActiveCfg = Debug|Any CPU
		{861FF486-BEF7-43EB-8A54-C8BE7288E934}.Debug|Any CPU.Build.0 = Debug|Any CPU
		{861FF486-BEF7-43EB-8A54-C8BE7288E934}.Release|Any CPU.ActiveCfg = Release|Any CPU
		{861FF486-BEF7-43EB-8A54-C8BE7288E934}.Release|Any CPU.Build.0 = Release|Any CPU
		{CC12FDC5-AFAB-4213-90BD-8CAAC7BF87C5}.Debug|Any CPU.ActiveCfg = Debug|Any CPU
		{CC12FDC5-AFAB-4213-90BD-8CAAC7BF87C5}.Debug|Any CPU.Build.0 = Debug|Any CPU
		{CC12FDC5-AFAB-4213-90BD-8CAAC7BF87C5}.Release|Any CPU.ActiveCfg = Release|Any CPU
		{CC12FDC5-AFAB-4213-90BD-8CAAC7BF87C5}.Release|Any CPU.Build.0 = Release|Any CPU
	EndGlobalSection
	GlobalSection(NestedProjects) = preSolution
		{A87A9CB5-BFCD-4F28-90A9-17B062E8D912} = {3D070037-5050-4D90-9B8C-D03FAB428521}
		{861FF486-BEF7-43EB-8A54-C8BE7288E934} = {3D070037-5050-4D90-9B8C-D03FAB428521}
		{CC12FDC5-AFAB-4213-90BD-8CAAC7BF87C5} = {EFDB1A06-13EF-4991-AD6A-B4C9B0EDFD71}
	EndGlobalSection
EndGlobal
